
Microsoft Visual Studio Solution File, Format Version 12.00
# Visual Studio 14
VisualStudioVersion = 14.0.25420.1
MinimumVisualStudioVersion = 10.0.40219.1
Project("{FAE04EC0-301F-11D3-BF4B-00C04F79EFBC}") = "CocosHandsOn01", "CocosHandsOn01\CocosHandsOn01\CocosHandsOn01.csproj", "{33D8B27F-D0B0-4888-962B-F8B561B947B3}"
EndProject
Project("{FAE04EC0-301F-11D3-BF4B-00C04F79EFBC}") = "CocosHandsOn01.Droid", "CocosHandsOn01\CocosHandsOn01.Droid\CocosHandsOn01.Droid.csproj", "{3F8B910F-E522-4BF4-800F-778B061A86B5}"
EndProject
Project("{FAE04EC0-301F-11D3-BF4B-00C04F79EFBC}") = "CocosHandsOn01.iOS", "CocosHandsOn01\CocosHandsOn01.iOS\CocosHandsOn01.iOS.csproj", "{090E5BF0-B6B7-4FA3-A524-E93583FDEAEE}"
EndProject
Global
	GlobalSection(SolutionConfigurationPlatforms) = preSolution
		Ad-Hoc|Any CPU = Ad-Hoc|Any CPU
		Ad-Hoc|iPhone = Ad-Hoc|iPhone
		Ad-Hoc|iPhoneSimulator = Ad-Hoc|iPhoneSimulator
		AppStore|Any CPU = AppStore|Any CPU
		AppStore|iPhone = AppStore|iPhone
		AppStore|iPhoneSimulator = AppStore|iPhoneSimulator
		Debug|Any CPU = Debug|Any CPU
		Debug|iPhone = Debug|iPhone
		Debug|iPhoneSimulator = Debug|iPhoneSimulator
		Release|Any CPU = Release|Any CPU
		Release|iPhone = Release|iPhone
		Release|iPhoneSimulator = Release|iPhoneSimulator
	EndGlobalSection
	GlobalSection(ProjectConfigurationPlatforms) = postSolution
		{33D8B27F-D0B0-4888-962B-F8B561B947B3}.Ad-Hoc|Any CPU.ActiveCfg = Release|Any CPU
		{33D8B27F-D0B0-4888-962B-F8B561B947B3}.Ad-Hoc|Any CPU.Build.0 = Release|Any CPU
		{33D8B27F-D0B0-4888-962B-F8B561B947B3}.Ad-Hoc|iPhone.ActiveCfg = Release|Any CPU
		{33D8B27F-D0B0-4888-962B-F8B561B947B3}.Ad-Hoc|iPhone.Build.0 = Release|Any CPU
		{33D8B27F-D0B0-4888-962B-F8B561B947B3}.Ad-Hoc|iPhoneSimulator.ActiveCfg = Release|Any CPU
		{33D8B27F-D0B0-4888-962B-F8B561B947B3}.Ad-Hoc|iPhoneSimulator.Build.0 = Release|Any CPU
		{33D8B27F-D0B0-4888-962B-F8B561B947B3}.AppStore|Any CPU.ActiveCfg = Release|Any CPU
		{33D8B27F-D0B0-4888-962B-F8B561B947B3}.AppStore|Any CPU.Build.0 = Release|Any CPU
		{33D8B27F-D0B0-4888-962B-F8B561B947B3}.AppStore|iPhone.ActiveCfg = Release|Any CPU
		{33D8B27F-D0B0-4888-962B-F8B561B947B3}.AppStore|iPhone.Build.0 = Release|Any CPU
		{33D8B27F-D0B0-4888-962B-F8B561B947B3}.AppStore|iPhoneSimulator.ActiveCfg = Release|Any CPU
		{33D8B27F-D0B0-4888-962B-F8B561B947B3}.AppStore|iPhoneSimulator.Build.0 = Release|Any CPU
		{33D8B27F-D0B0-4888-962B-F8B561B947B3}.Debug|Any CPU.ActiveCfg = Debug|Any CPU
		{33D8B27F-D0B0-4888-962B-F8B561B947B3}.Debug|Any CPU.Build.0 = Debug|Any CPU
		{33D8B27F-D0B0-4888-962B-F8B561B947B3}.Debug|iPhone.ActiveCfg = Debug|Any CPU
		{33D8B27F-D0B0-4888-962B-F8B561B947B3}.Debug|iPhone.Build.0 = Debug|Any CPU
		{33D8B27F-D0B0-4888-962B-F8B561B947B3}.Debug|iPhoneSimulator.ActiveCfg = Debug|Any CPU
		{33D8B27F-D0B0-4888-962B-F8B561B947B3}.Debug|iPhoneSimulator.Build.0 = Debug|Any CPU
		{33D8B27F-D0B0-4888-962B-F8B561B947B3}.Release|Any CPU.ActiveCfg = Release|Any CPU
		{33D8B27F-D0B0-4888-962B-F8B561B947B3}.Release|Any CPU.Build.0 = Release|Any CPU
		{33D8B27F-D0B0-4888-962B-F8B561B947B3}.Release|iPhone.ActiveCfg = Release|Any CPU
		{33D8B27F-D0B0-4888-962B-F8B561B947B3}.Release|iPhone.Build.0 = Release|Any CPU
		{33D8B27F-D0B0-4888-962B-F8B561B947B3}.Release|iPhoneSimulator.ActiveCfg = Release|Any CPU
		{33D8B27F-D0B0-4888-962B-F8B561B947B3}.Release|iPhoneSimulator.Build.0 = Release|Any CPU
		{3F8B910F-E522-4BF4-800F-778B061A86B5}.Ad-Hoc|Any CPU.ActiveCfg = Release|Any CPU
		{3F8B910F-E522-4BF4-800F-778B061A86B5}.Ad-Hoc|Any CPU.Build.0 = Release|Any CPU
		{3F8B910F-E522-4BF4-800F-778B061A86B5}.Ad-Hoc|Any CPU.Deploy.0 = Release|Any CPU
		{3F8B910F-E522-4BF4-800F-778B061A86B5}.Ad-Hoc|iPhone.ActiveCfg = Release|Any CPU
		{3F8B910F-E522-4BF4-800F-778B061A86B5}.Ad-Hoc|iPhone.Build.0 = Release|Any CPU
		{3F8B910F-E522-4BF4-800F-778B061A86B5}.Ad-Hoc|iPhone.Deploy.0 = Release|Any CPU
		{3F8B910F-E522-4BF4-800F-778B061A86B5}.Ad-Hoc|iPhoneSimulator.ActiveCfg = Release|Any CPU
		{3F8B910F-E522-4BF4-800F-778B061A86B5}.Ad-Hoc|iPhoneSimulator.Build.0 = Release|Any CPU
		{3F8B910F-E522-4BF4-800F-778B061A86B5}.Ad-Hoc|iPhoneSimulator.Deploy.0 = Release|Any CPU
		{3F8B910F-E522-4BF4-800F-778B061A86B5}.AppStore|Any CPU.ActiveCfg = Release|Any CPU
		{3F8B910F-E522-4BF4-800F-778B061A86B5}.AppStore|Any CPU.Build.0 = Release|Any CPU
		{3F8B910F-E522-4BF4-800F-778B061A86B5}.AppStore|Any CPU.Deploy.0 = Release|Any CPU
		{3F8B910F-E522-4BF4-800F-778B061A86B5}.AppStore|iPhone.ActiveCfg = Release|Any CPU
		{3F8B910F-E522-4BF4-800F-778B061A86B5}.AppStore|iPhone.Build.0 = Release|Any CPU
		{3F8B910F-E522-4BF4-800F-778B061A86B5}.AppStore|iPhone.Deploy.0 = Release|Any CPU
		{3F8B910F-E522-4BF4-800F-778B061A86B5}.AppStore|iPhoneSimulator.ActiveCfg = Release|Any CPU
		{3F8B910F-E522-4BF4-800F-778B061A86B5}.AppStore|iPhoneSimulator.Build.0 = Release|Any CPU
		{3F8B910F-E522-4BF4-800F-778B061A86B5}.AppStore|iPhoneSimulator.Deploy.0 = Release|Any CPU
		{3F8B910F-E522-4BF4-800F-778B061A86B5}.Debug|Any CPU.ActiveCfg = Debug|Any CPU
		{3F8B910F-E522-4BF4-800F-778B061A86B5}.Debug|Any CPU.Build.0 = Debug|Any CPU
		{3F8B910F-E522-4BF4-800F-778B061A86B5}.Debug|Any CPU.Deploy.0 = Debug|Any CPU
		{3F8B910F-E522-4BF4-800F-778B061A86B5}.Debug|iPhone.ActiveCfg = Debug|Any CPU
		{3F8B910F-E522-4BF4-800F-778B061A86B5}.Debug|iPhone.Build.0 = Debug|Any CPU
		{3F8B910F-E522-4BF4-800F-778B061A86B5}.Debug|iPhone.Deploy.0 = Debug|Any CPU
		{3F8B910F-E522-4BF4-800F-778B061A86B5}.Debug|iPhoneSimulator.ActiveCfg = Debug|Any CPU
		{3F8B910F-E522-4BF4-800F-778B061A86B5}.Debug|iPhoneSimulator.Build.0 = Debug|Any CPU
		{3F8B910F-E522-4BF4-800F-778B061A86B5}.Debug|iPhoneSimulator.Deploy.0 = Debug|Any CPU
		{3F8B910F-E522-4BF4-800F-778B061A86B5}.Release|Any CPU.ActiveCfg = Release|Any CPU
		{3F8B910F-E522-4BF4-800F-778B061A86B5}.Release|Any CPU.Build.0 = Release|Any CPU
		{3F8B910F-E522-4BF4-800F-778B061A86B5}.Release|Any CPU.Deploy.0 = Release|Any CPU
		{3F8B910F-E522-4BF4-800F-778B061A86B5}.Release|iPhone.ActiveCfg = Release|Any CPU
		{3F8B910F-E522-4BF4-800F-778B061A86B5}.Release|iPhone.Build.0 = Release|Any CPU
		{3F8B910F-E522-4BF4-800F-778B061A86B5}.Release|iPhone.Deploy.0 = Release|Any CPU
		{3F8B910F-E522-4BF4-800F-778B061A86B5}.Release|iPhoneSimulator.ActiveCfg = Release|Any CPU
		{3F8B910F-E522-4BF4-800F-778B061A86B5}.Release|iPhoneSimulator.Build.0 = Release|Any CPU
		{3F8B910F-E522-4BF4-800F-778B061A86B5}.Release|iPhoneSimulator.Deploy.0 = Release|Any CPU
		{090E5BF0-B6B7-4FA3-A524-E93583FDEAEE}.Ad-Hoc|Any CPU.ActiveCfg = Ad-Hoc|iPhone
		{090E5BF0-B6B7-4FA3-A524-E93583FDEAEE}.Ad-Hoc|iPhone.ActiveCfg = Ad-Hoc|iPhone
		{090E5BF0-B6B7-4FA3-A524-E93583FDEAEE}.Ad-Hoc|iPhone.Build.0 = Ad-Hoc|iPhone
		{090E5BF0-B6B7-4FA3-A524-E93583FDEAEE}.Ad-Hoc|iPhoneSimulator.ActiveCfg = Ad-Hoc|iPhoneSimulator
		{090E5BF0-B6B7-4FA3-A524-E93583FDEAEE}.Ad-Hoc|iPhoneSimulator.Build.0 = Ad-Hoc|iPhoneSimulator
		{090E5BF0-B6B7-4FA3-A524-E93583FDEAEE}.AppStore|Any CPU.ActiveCfg = AppStore|iPhone
		{090E5BF0-B6B7-4FA3-A524-E93583FDEAEE}.AppStore|iPhone.ActiveCfg = AppStore|iPhone
		{090E5BF0-B6B7-4FA3-A524-E93583FDEAEE}.AppStore|iPhone.Build.0 = AppStore|iPhone
		{090E5BF0-B6B7-4FA3-A524-E93583FDEAEE}.AppStore|iPhoneSimulator.ActiveCfg = AppStore|iPhoneSimulator
		{090E5BF0-B6B7-4FA3-A524-E93583FDEAEE}.AppStore|iPhoneSimulator.Build.0 = AppStore|iPhoneSimulator
		{090E5BF0-B6B7-4FA3-A524-E93583FDEAEE}.Debug|Any CPU.ActiveCfg = Debug|iPhone
		{090E5BF0-B6B7-4FA3-A524-E93583FDEAEE}.Debug|iPhone.ActiveCfg = Debug|iPhone
		{090E5BF0-B6B7-4FA3-A524-E93583FDEAEE}.Debug|iPhone.Build.0 = Debug|iPhone
		{090E5BF0-B6B7-4FA3-A524-E93583FDEAEE}.Debug|iPhoneSimulator.ActiveCfg = Debug|iPhoneSimulator
		{090E5BF0-B6B7-4FA3-A524-E93583FDEAEE}.Debug|iPhoneSimulator.Build.0 = Debug|iPhoneSimulator
		{090E5BF0-B6B7-4FA3-A524-E93583FDEAEE}.Release|Any CPU.ActiveCfg = Release|iPhone
		{090E5BF0-B6B7-4FA3-A524-E93583FDEAEE}.Release|iPhone.ActiveCfg = Release|iPhone
		{090E5BF0-B6B7-4FA3-A524-E93583FDEAEE}.Release|iPhone.Build.0 = Release|iPhone
		{090E5BF0-B6B7-4FA3-A524-E93583FDEAEE}.Release|iPhoneSimulator.ActiveCfg = Release|iPhoneSimulator
		{090E5BF0-B6B7-4FA3-A524-E93583FDEAEE}.Release|iPhoneSimulator.Build.0 = Release|iPhoneSimulator
	EndGlobalSection
	GlobalSection(SolutionProperties) = preSolution
		HideSolutionNode = FALSE
	EndGlobalSection
EndGlobal
